
Microsoft Visual Studio Solution File, Format Version 12.00
# Visual Studio 15
VisualStudioVersion = 15.0.27703.2042
MinimumVisualStudioVersion = 10.0.40219.1
Project("{9A19103F-16F7-4668-BE54-9A1E7A4F7556}") = "VoidServerLibrary", "VoidServerLibrary\VoidServerLibrary.csproj", "{BA4F3B01-B24E-496B-8CA4-F67E01ACE386}"
EndProject
Project("{9A19103F-16F7-4668-BE54-9A1E7A4F7556}") = "VoidServer", "VoidServer\VoidServer.csproj", "{3F212024-5663-4469-8F81-AB0991C9FC1C}"
EndProject
Project("{9A19103F-16F7-4668-BE54-9A1E7A4F7556}") = "VoidServerTests", "VoidServerTests\VoidServerTests.csproj", "{EABA889A-CE15-4529-BD6D-D3E7EBE15EC5}"
EndProject
Project("{FAE04EC0-301F-11D3-BF4B-00C04F79EFBC}") = "VoidServerUnitTests", "VoidServerUnitTests\VoidServerUnitTests.csproj", "{5BC0C877-A5C8-4EFB-9C4A-EEE20486E3F3}"
EndProject
Global
	GlobalSection(SolutionConfigurationPlatforms) = preSolution
		Debug|Any CPU = Debug|Any CPU
		Release|Any CPU = Release|Any CPU
	EndGlobalSection
	GlobalSection(ProjectConfigurationPlatforms) = postSolution
		{BA4F3B01-B24E-496B-8CA4-F67E01ACE386}.Debug|Any CPU.ActiveCfg = Debug|Any CPU
		{BA4F3B01-B24E-496B-8CA4-F67E01ACE386}.Debug|Any CPU.Build.0 = Debug|Any CPU
		{BA4F3B01-B24E-496B-8CA4-F67E01ACE386}.Release|Any CPU.ActiveCfg = Release|Any CPU
		{BA4F3B01-B24E-496B-8CA4-F67E01ACE386}.Release|Any CPU.Build.0 = Release|Any CPU
		{3F212024-5663-4469-8F81-AB0991C9FC1C}.Debug|Any CPU.ActiveCfg = Debug|Any CPU
		{3F212024-5663-4469-8F81-AB0991C9FC1C}.Debug|Any CPU.Build.0 = Debug|Any CPU
		{3F212024-5663-4469-8F81-AB0991C9FC1C}.Release|Any CPU.ActiveCfg = Release|Any CPU
		{3F212024-5663-4469-8F81-AB0991C9FC1C}.Release|Any CPU.Build.0 = Release|Any CPU
		{EABA889A-CE15-4529-BD6D-D3E7EBE15EC5}.Debug|Any CPU.ActiveCfg = Debug|Any CPU
		{EABA889A-CE15-4529-BD6D-D3E7EBE15EC5}.Debug|Any CPU.Build.0 = Debug|Any CPU
		{EABA889A-CE15-4529-BD6D-D3E7EBE15EC5}.Release|Any CPU.ActiveCfg = Release|Any CPU
		{EABA889A-CE15-4529-BD6D-D3E7EBE15EC5}.Release|Any CPU.Build.0 = Release|Any CPU
		{5BC0C877-A5C8-4EFB-9C4A-EEE20486E3F3}.Debug|Any CPU.ActiveCfg = Debug|Any CPU
		{5BC0C877-A5C8-4EFB-9C4A-EEE20486E3F3}.Debug|Any CPU.Build.0 = Debug|Any CPU
		{5BC0C877-A5C8-4EFB-9C4A-EEE20486E3F3}.Release|Any CPU.ActiveCfg = Release|Any CPU
		{5BC0C877-A5C8-4EFB-9C4A-EEE20486E3F3}.Release|Any CPU.Build.0 = Release|Any CPU
	EndGlobalSection
	GlobalSection(SolutionProperties) = preSolution
		HideSolutionNode = FALSE
	EndGlobalSection
	GlobalSection(ExtensibilityGlobals) = postSolution
		SolutionGuid = {AC1FAC22-B869-4E2A-82EA-489F2BEDF0C7}
	EndGlobalSection
EndGlobal
