
Microsoft Visual Studio Solution File, Format Version 12.00
# Visual Studio 15
VisualStudioVersion = 15.0.27703.2042
MinimumVisualStudioVersion = 10.0.40219.1
Project("{9A19103F-16F7-4668-BE54-9A1E7A4F7556}") = "VoidServerLibrary", "VoidServerLibrary\VoidServerLibrary.csproj", "{BA4F3B01-B24E-496B-8CA4-F67E01ACE386}"
EndProject
Project("{FAE04EC0-301F-11D3-BF4B-00C04F79EFBC}") = "VoidServer.UnitTests", "VoidServerUnitTests\VoidServer.UnitTests.csproj", "{5BC0C877-A5C8-4EFB-9C4A-EEE20486E3F3}"
EndProject
Project("{FAE04EC0-301F-11D3-BF4B-00C04F79EFBC}") = "VoidServerConsole", "VoidServerConsole\VoidServerConsole.csproj", "{3CAB9B70-1EF9-4C30-9495-5EC3E5C9798C}"
EndProject
Project("{FAE04EC0-301F-11D3-BF4B-00C04F79EFBC}") = "VoidServer.IntegrationTests", "VoidServer.IntegrationTests\VoidServer.IntegrationTests.csproj", "{F0771149-A5FB-407C-B300-094282774E14}"
EndProject
Global
	GlobalSection(SolutionConfigurationPlatforms) = preSolution
		Debug|Any CPU = Debug|Any CPU
		Release|Any CPU = Release|Any CPU
	EndGlobalSection
	GlobalSection(ProjectConfigurationPlatforms) = postSolution
		{BA4F3B01-B24E-496B-8CA4-F67E01ACE386}.Debug|Any CPU.ActiveCfg = Debug|Any CPU
		{BA4F3B01-B24E-496B-8CA4-F67E01ACE386}.Debug|Any CPU.Build.0 = Debug|Any CPU
		{BA4F3B01-B24E-496B-8CA4-F67E01ACE386}.Release|Any CPU.ActiveCfg = Release|Any CPU
		{BA4F3B01-B24E-496B-8CA4-F67E01ACE386}.Release|Any CPU.Build.0 = Release|Any CPU
		{5BC0C877-A5C8-4EFB-9C4A-EEE20486E3F3}.Debug|Any CPU.ActiveCfg = Debug|Any CPU
		{5BC0C877-A5C8-4EFB-9C4A-EEE20486E3F3}.Debug|Any CPU.Build.0 = Debug|Any CPU
		{5BC0C877-A5C8-4EFB-9C4A-EEE20486E3F3}.Release|Any CPU.ActiveCfg = Release|Any CPU
		{5BC0C877-A5C8-4EFB-9C4A-EEE20486E3F3}.Release|Any CPU.Build.0 = Release|Any CPU
		{3CAB9B70-1EF9-4C30-9495-5EC3E5C9798C}.Debug|Any CPU.ActiveCfg = Debug|Any CPU
		{3CAB9B70-1EF9-4C30-9495-5EC3E5C9798C}.Debug|Any CPU.Build.0 = Debug|Any CPU
		{3CAB9B70-1EF9-4C30-9495-5EC3E5C9798C}.Release|Any CPU.ActiveCfg = Release|Any CPU
		{3CAB9B70-1EF9-4C30-9495-5EC3E5C9798C}.Release|Any CPU.Build.0 = Release|Any CPU
		{F0771149-A5FB-407C-B300-094282774E14}.Debug|Any CPU.ActiveCfg = Debug|Any CPU
		{F0771149-A5FB-407C-B300-094282774E14}.Debug|Any CPU.Build.0 = Debug|Any CPU
		{F0771149-A5FB-407C-B300-094282774E14}.Release|Any CPU.ActiveCfg = Release|Any CPU
		{F0771149-A5FB-407C-B300-094282774E14}.Release|Any CPU.Build.0 = Release|Any CPU
	EndGlobalSection
	GlobalSection(SolutionProperties) = preSolution
		HideSolutionNode = FALSE
	EndGlobalSection
	GlobalSection(ExtensibilityGlobals) = postSolution
		SolutionGuid = {AC1FAC22-B869-4E2A-82EA-489F2BEDF0C7}
	EndGlobalSection
EndGlobal
